
Microsoft Visual Studio Solution File, Format Version 12.00
# Visual Studio Version 17
VisualStudioVersion = 17.10.34707.107
MinimumVisualStudioVersion = 10.0.40219.1
Project("{FAE04EC0-301F-11D3-BF4B-00C04F79EFBC}") = "DemoWebAPIWithMongoDb", "DemoWebAPIWithMongoDb.csproj", "{D864D175-66AF-48EA-B6C6-3FEC42D16EC3}"
EndProject
Global
	GlobalSection(SolutionConfigurationPlatforms) = preSolution
		Debug|Any CPU = Debug|Any CPU
		Release|Any CPU = Release|Any CPU
	EndGlobalSection
	GlobalSection(ProjectConfigurationPlatforms) = postSolution
		{D864D175-66AF-48EA-B6C6-3FEC42D16EC3}.Debug|Any CPU.ActiveCfg = Debug|Any CPU
		{D864D175-66AF-48EA-B6C6-3FEC42D16EC3}.Debug|Any CPU.Build.0 = Debug|Any CPU
		{D864D175-66AF-48EA-B6C6-3FEC42D16EC3}.Release|Any CPU.ActiveCfg = Release|Any CPU
		{D864D175-66AF-48EA-B6C6-3FEC42D16EC3}.Release|Any CPU.Build.0 = Release|Any CPU
	EndGlobalSection
	GlobalSection(SolutionProperties) = preSolution
		HideSolutionNode = FALSE
	EndGlobalSection
	GlobalSection(ExtensibilityGlobals) = postSolution
		SolutionGuid = {6418E1EC-CDB1-471A-BC0A-F8AB2CF8CDF2}
	EndGlobalSection
EndGlobal
